
Microsoft Visual Studio Solution File, Format Version 12.00
# Visual Studio Version 17
VisualStudioVersion = 17.2.32519.379
MinimumVisualStudioVersion = 10.0.40219.1
Project("{FAE04EC0-301F-11D3-BF4B-00C04F79EFBC}") = "Builder", "Builder.csproj", "{4CE4D18B-4D9B-49C8-BEF7-B22EF2C349FA}"
EndProject
Global
	GlobalSection(SolutionConfigurationPlatforms) = preSolution
		Debug|Any CPU = Debug|Any CPU
		Release|Any CPU = Release|Any CPU
	EndGlobalSection
	GlobalSection(ProjectConfigurationPlatforms) = postSolution
		{4CE4D18B-4D9B-49C8-BEF7-B22EF2C349FA}.Debug|Any CPU.ActiveCfg = Debug|Any CPU
		{4CE4D18B-4D9B-49C8-BEF7-B22EF2C349FA}.Debug|Any CPU.Build.0 = Debug|Any CPU
		{4CE4D18B-4D9B-49C8-BEF7-B22EF2C349FA}.Release|Any CPU.ActiveCfg = Release|Any CPU
		{4CE4D18B-4D9B-49C8-BEF7-B22EF2C349FA}.Release|Any CPU.Build.0 = Release|Any CPU
	EndGlobalSection
	GlobalSection(SolutionProperties) = preSolution
		HideSolutionNode = FALSE
	EndGlobalSection
	GlobalSection(ExtensibilityGlobals) = postSolution
		SolutionGuid = {A47185BE-3E89-4871-843F-DC39DD8F9F23}
	EndGlobalSection
EndGlobal
